// !$*UTF8*$!
{
	archiveVersion = 1;
	classes = {
	};
	objectVersion = 56;
	objects = {

/* Begin PBXBuildFile section */
		AA94D1AE2A9995350001C034 /* TharmanView.swift in Sources */ = {isa = PBXBuildFile; fileRef = AA94D1AD2A9995350001C034 /* TharmanView.swift */; };
		AAAFD63C2A999F44002119AA /* TanKinLianView.swift in Sources */ = {isa = PBXBuildFile; fileRef = AAAFD63B2A999F44002119AA /* TanKinLianView.swift */; };
		AF17E4E12A998B1000E93382 /* Presidential_ElectionsApp.swift in Sources */ = {isa = PBXBuildFile; fileRef = AF17E4E02A998B1000E93382 /* Presidential_ElectionsApp.swift */; };
		AF17E4E32A998B1000E93382 /* ContentView.swift in Sources */ = {isa = PBXBuildFile; fileRef = AF17E4E22A998B1000E93382 /* ContentView.swift */; };
		AF17E4E52A998B1200E93382 /* Assets.xcassets in Resources */ = {isa = PBXBuildFile; fileRef = AF17E4E42A998B1200E93382 /* Assets.xcassets */; };
		AF17E4E82A998B1200E93382 /* Preview Assets.xcassets in Resources */ = {isa = PBXBuildFile; fileRef = AF17E4E72A998B1200E93382 /* Preview Assets.xcassets */; };
		AF17E4EF2A998B3900E93382 /* Candidate.swift in Sources */ = {isa = PBXBuildFile; fileRef = AF17E4EE2A998B3900E93382 /* Candidate.swift */; };
		AF17E4F12A998B8A00E93382 /* Candidate+SampleData.swift in Sources */ = {isa = PBXBuildFile; fileRef = AF17E4F02A998B8A00E93382 /* Candidate+SampleData.swift */; };
		AF592DB32A998CCF007C2EA0 /* CandidateDetailView.swift in Sources */ = {isa = PBXBuildFile; fileRef = AF592DB22A998CCF007C2EA0 /* CandidateDetailView.swift */; };
		AF592DB52A998D63007C2EA0 /* CandidatesManager.swift in Sources */ = {isa = PBXBuildFile; fileRef = AF592DB42A998D63007C2EA0 /* CandidatesManager.swift */; };
/* End PBXBuildFile section */

/* Begin PBXFileReference section */
		AA94D1AD2A9995350001C034 /* TharmanView.swift */ = {isa = PBXFileReference; lastKnownFileType = sourcecode.swift; path = TharmanView.swift; sourceTree = "<group>"; };
		AAAFD63B2A999F44002119AA /* TanKinLianView.swift */ = {isa = PBXFileReference; lastKnownFileType = sourcecode.swift; path = TanKinLianView.swift; sourceTree = "<group>"; };
		AF17E4DD2A998B1000E93382 /* Presidential Elections.app */ = {isa = PBXFileReference; explicitFileType = wrapper.application; includeInIndex = 0; path = "Presidential Elections.app"; sourceTree = BUILT_PRODUCTS_DIR; };
		AF17E4E02A998B1000E93382 /* Presidential_ElectionsApp.swift */ = {isa = PBXFileReference; lastKnownFileType = sourcecode.swift; path = Presidential_ElectionsApp.swift; sourceTree = "<group>"; };
		AF17E4E22A998B1000E93382 /* ContentView.swift */ = {isa = PBXFileReference; lastKnownFileType = sourcecode.swift; path = ContentView.swift; sourceTree = "<group>"; };
		AF17E4E42A998B1200E93382 /* Assets.xcassets */ = {isa = PBXFileReference; lastKnownFileType = folder.assetcatalog; path = Assets.xcassets; sourceTree = "<group>"; };
		AF17E4E72A998B1200E93382 /* Preview Assets.xcassets */ = {isa = PBXFileReference; lastKnownFileType = folder.assetcatalog; path = "Preview Assets.xcassets"; sourceTree = "<group>"; };
		AF17E4EE2A998B3900E93382 /* Candidate.swift */ = {isa = PBXFileReference; lastKnownFileType = sourcecode.swift; path = Candidate.swift; sourceTree = "<group>"; };
		AF17E4F02A998B8A00E93382 /* Candidate+SampleData.swift */ = {isa = PBXFileReference; lastKnownFileType = sourcecode.swift; path = "Candidate+SampleData.swift"; sourceTree = "<group>"; };
		AF592DB22A998CCF007C2EA0 /* CandidateDetailView.swift */ = {isa = PBXFileReference; lastKnownFileType = sourcecode.swift; path = CandidateDetailView.swift; sourceTree = "<group>"; };
		AF592DB42A998D63007C2EA0 /* CandidatesManager.swift */ = {isa = PBXFileReference; lastKnownFileType = sourcecode.swift; path = CandidatesManager.swift; sourceTree = "<group>"; };
/* End PBXFileReference section */

/* Begin PBXFrameworksBuildPhase section */
		AF17E4DA2A998B1000E93382 /* Frameworks */ = {
			isa = PBXFrameworksBuildPhase;
			buildActionMask = 2147483647;
			files = (
			);
			runOnlyForDeploymentPostprocessing = 0;
		};
/* End PBXFrameworksBuildPhase section */

/* Begin PBXGroup section */
		AF17E4D42A998B1000E93382 = {
			isa = PBXGroup;
			children = (
				AF17E4DF2A998B1000E93382 /* Presidential Elections */,
				AF17E4DE2A998B1000E93382 /* Products */,
			);
			sourceTree = "<group>";
		};
		AF17E4DE2A998B1000E93382 /* Products */ = {
			isa = PBXGroup;
			children = (
				AF17E4DD2A998B1000E93382 /* Presidential Elections.app */,
			);
			name = Products;
			sourceTree = "<group>";
		};
		AF17E4DF2A998B1000E93382 /* Presidential Elections */ = {
			isa = PBXGroup;
			children = (
				AF17E4E02A998B1000E93382 /* Presidential_ElectionsApp.swift */,
				AF17E4E22A998B1000E93382 /* ContentView.swift */,
				AA94D1AD2A9995350001C034 /* TharmanView.swift */,
				AAAFD63B2A999F44002119AA /* TanKinLianView.swift */,
				AF592DB42A998D63007C2EA0 /* CandidatesManager.swift */,
				AF592DB22A998CCF007C2EA0 /* CandidateDetailView.swift */,
				AF17E4EE2A998B3900E93382 /* Candidate.swift */,
				AF17E4F02A998B8A00E93382 /* Candidate+SampleData.swift */,
				AF17E4E42A998B1200E93382 /* Assets.xcassets */,
				AF17E4E62A998B1200E93382 /* Preview Content */,
			);
			path = "Presidential Elections";
			sourceTree = "<group>";
		};
		AF17E4E62A998B1200E93382 /* Preview Content */ = {
			isa = PBXGroup;
			children = (
				AF17E4E72A998B1200E93382 /* Preview Assets.xcassets */,
			);
			path = "Preview Content";
			sourceTree = "<group>";
		};
/* End PBXGroup section */

/* Begin PBXNativeTarget section */
		AF17E4DC2A998B1000E93382 /* Presidential Elections */ = {
			isa = PBXNativeTarget;
			buildConfigurationList = AF17E4EB2A998B1200E93382 /* Build configuration list for PBXNativeTarget "Presidential Elections" */;
			buildPhases = (
				AF17E4D92A998B1000E93382 /* Sources */,
				AF17E4DA2A998B1000E93382 /* Frameworks */,
				AF17E4DB2A998B1000E93382 /* Resources */,
			);
			buildRules = (
			);
			dependencies = (
			);
			name = "Presidential Elections";
			productName = "Presidential Elections";
			productReference = AF17E4DD2A998B1000E93382 /* Presidential Elections.app */;
			productType = "com.apple.product-type.application";
		};
/* End PBXNativeTarget section */

/* Begin PBXProject section */
		AF17E4D52A998B1000E93382 /* Project object */ = {
			isa = PBXProject;
			attributes = {
				BuildIndependentTargetsInParallel = 1;
				LastSwiftUpdateCheck = 1430;
				LastUpgradeCheck = 1430;
				TargetAttributes = {
					AF17E4DC2A998B1000E93382 = {
						CreatedOnToolsVersion = 14.3.1;
					};
				};
			};
			buildConfigurationList = AF17E4D82A998B1000E93382 /* Build configuration list for PBXProject "Presidential Elections" */;
			compatibilityVersion = "Xcode 14.0";
			developmentRegion = en;
			hasScannedForEncodings = 0;
			knownRegions = (
				en,
				Base,
			);
			mainGroup = AF17E4D42A998B1000E93382;
			productRefGroup = AF17E4DE2A998B1000E93382 /* Products */;
			projectDirPath = "";
			projectRoot = "";
			targets = (
				AF17E4DC2A998B1000E93382 /* Presidential Elections */,
			);
		};
/* End PBXProject section */

/* Begin PBXResourcesBuildPhase section */
		AF17E4DB2A998B1000E93382 /* Resources */ = {
			isa = PBXResourcesBuildPhase;
			buildActionMask = 2147483647;
			files = (
				AF17E4E82A998B1200E93382 /* Preview Assets.xcassets in Resources */,
				AF17E4E52A998B1200E93382 /* Assets.xcassets in Resources */,
			);
			runOnlyForDeploymentPostprocessing = 0;
		};
/* End PBXResourcesBuildPhase section */

/* Begin PBXSourcesBuildPhase section */
		AF17E4D92A998B1000E93382 /* Sources */ = {
			isa = PBXSourcesBuildPhase;
			buildActionMask = 2147483647;
			files = (
				AF17E4EF2A998B3900E93382 /* Candidate.swift in Sources */,
				AF17E4F12A998B8A00E93382 /* Candidate+SampleData.swift in Sources */,
				AA94D1AE2A9995350001C034 /* TharmanView.swift in Sources */,
				AAAFD63C2A999F44002119AA /* TanKinLianView.swift in Sources */,
				AF17E4E32A998B1000E93382 /* ContentView.swift in Sources */,
				AF592DB52A998D63007C2EA0 /* CandidatesManager.swift in Sources */,
				AF592DB32A998CCF007C2EA0 /* CandidateDetailView.swift in Sources */,
				AF17E4E12A998B1000E93382 /* Presidential_ElectionsApp.swift in Sources */,
			);
			runOnlyForDeploymentPostprocessing = 0;
		};
/* End PBXSourcesBuildPhase section */

/* Begin XCBuildConfiguration section */
		AF17E4E92A998B1200E93382 /* Debug */ = {
			isa = XCBuildConfiguration;
			buildSettings = {
				ALWAYS_SEARCH_USER_PATHS = NO;
				CLANG_ANALYZER_NONNULL = YES;
				CLANG_ANALYZER_NUMBER_OBJECT_CONVERSION = YES_AGGRESSIVE;
				CLANG_CXX_LANGUAGE_STANDARD = "gnu++20";
				CLANG_ENABLE_MODULES = YES;
				CLANG_ENABLE_OBJC_ARC = YES;
				CLANG_ENABLE_OBJC_WEAK = YES;
				CLANG_WARN_BLOCK_CAPTURE_AUTORELEASING = YES;
				CLANG_WARN_BOOL_CONVERSION = YES;
				CLANG_WARN_COMMA = YES;
				CLANG_WARN_CONSTANT_CONVERSION = YES;
				CLANG_WARN_DEPRECATED_OBJC_IMPLEMENTATIONS = YES;
				CLANG_WARN_DIRECT_OBJC_ISA_USAGE = YES_ERROR;
				CLANG_WARN_DOCUMENTATION_COMMENTS = YES;
				CLANG_WARN_EMPTY_BODY = YES;
				CLANG_WARN_ENUM_CONVERSION = YES;
				CLANG_WARN_INFINITE_RECURSION = YES;
				CLANG_WARN_INT_CONVERSION = YES;
				CLANG_WARN_NON_LITERAL_NULL_CONVERSION = YES;
				CLANG_WARN_OBJC_IMPLICIT_RETAIN_SELF = YES;
				CLANG_WARN_OBJC_LITERAL_CONVERSION = YES;
				CLANG_WARN_OBJC_ROOT_CLASS = YES_ERROR;
				CLANG_WARN_QUOTED_INCLUDE_IN_FRAMEWORK_HEADER = YES;
				CLANG_WARN_RANGE_LOOP_ANALYSIS = YES;
				CLANG_WARN_STRICT_PROTOTYPES = YES;
				CLANG_WARN_SUSPICIOUS_MOVE = YES;
				CLANG_WARN_UNGUARDED_AVAILABILITY = YES_AGGRESSIVE;
				CLANG_WARN_UNREACHABLE_CODE = YES;
				CLANG_WARN__DUPLICATE_METHOD_MATCH = YES;
				COPY_PHASE_STRIP = NO;
				DEBUG_INFORMATION_FORMAT = dwarf;
				ENABLE_STRICT_OBJC_MSGSEND = YES;
				ENABLE_TESTABILITY = YES;
				GCC_C_LANGUAGE_STANDARD = gnu11;
				GCC_DYNAMIC_NO_PIC = NO;
				GCC_NO_COMMON_BLOCKS = YES;
				GCC_OPTIMIZATION_LEVEL = 0;
				GCC_PREPROCESSOR_DEFINITIONS = (
					"DEBUG=1",
					"$(inherited)",
				);
				GCC_WARN_64_TO_32_BIT_CONVERSION = YES;
				GCC_WARN_ABOUT_RETURN_TYPE = YES_ERROR;
				GCC_WARN_UNDECLARED_SELECTOR = YES;
				GCC_WARN_UNINITIALIZED_AUTOS = YES_AGGRESSIVE;
				GCC_WARN_UNUSED_FUNCTION = YES;
				GCC_WARN_UNUSED_VARIABLE = YES;
				IPHONEOS_DEPLOYMENT_TARGET = 16.4;
				MTL_ENABLE_DEBUG_INFO = INCLUDE_SOURCE;
				MTL_FAST_MATH = YES;
				ONLY_ACTIVE_ARCH = YES;
				SDKROOT = iphoneos;
				SWIFT_ACTIVE_COMPILATION_CONDITIONS = DEBUG;
				SWIFT_OPTIMIZATION_LEVEL = "-Onone";
			};
			name = Debug;
		};
		AF17E4EA2A998B1200E93382 /* Release */ = {
			isa = XCBuildConfiguration;
			buildSettings = {
				ALWAYS_SEARCH_USER_PATHS = NO;
				CLANG_ANALYZER_NONNULL = YES;
				CLANG_ANALYZER_NUMBER_OBJECT_CONVERSION = YES_AGGRESSIVE;
				CLANG_CXX_LANGUAGE_STANDARD = "gnu++20";
				CLANG_ENABLE_MODULES = YES;
				CLANG_ENABLE_OBJC_ARC = YES;
				CLANG_ENABLE_OBJC_WEAK = YES;
				CLANG_WARN_BLOCK_CAPTURE_AUTORELEASING = YES;
				CLANG_WARN_BOOL_CONVERSION = YES;
				CLANG_WARN_COMMA = YES;
				CLANG_WARN_CONSTANT_CONVERSION = YES;
				CLANG_WARN_DEPRECATED_OBJC_IMPLEMENTATIONS = YES;
				CLANG_WARN_DIRECT_OBJC_ISA_USAGE = YES_ERROR;
				CLANG_WARN_DOCUMENTATION_COMMENTS = YES;
				CLANG_WARN_EMPTY_BODY = YES;
				CLANG_WARN_ENUM_CONVERSION = YES;
				CLANG_WARN_INFINITE_RECURSION = YES;
				CLANG_WARN_INT_CONVERSION = YES;
				CLANG_WARN_NON_LITERAL_NULL_CONVERSION = YES;
				CLANG_WARN_OBJC_IMPLICIT_RETAIN_SELF = YES;
				CLANG_WARN_OBJC_LITERAL_CONVERSION = YES;
				CLANG_WARN_OBJC_ROOT_CLASS = YES_ERROR;
				CLANG_WARN_QUOTED_INCLUDE_IN_FRAMEWORK_HEADER = YES;
				CLANG_WARN_RANGE_LOOP_ANALYSIS = YES;
				CLANG_WARN_STRICT_PROTOTYPES = YES;
				CLANG_WARN_SUSPICIOUS_MOVE = YES;
				CLANG_WARN_UNGUARDED_AVAILABILITY = YES_AGGRESSIVE;
				CLANG_WARN_UNREACHABLE_CODE = YES;
				CLANG_WARN__DUPLICATE_METHOD_MATCH = YES;
				COPY_PHASE_STRIP = NO;
				DEBUG_INFORMATION_FORMAT = "dwarf-with-dsym";
				ENABLE_NS_ASSERTIONS = NO;
				ENABLE_STRICT_OBJC_MSGSEND = YES;
				GCC_C_LANGUAGE_STANDARD = gnu11;
				GCC_NO_COMMON_BLOCKS = YES;
				GCC_WARN_64_TO_32_BIT_CONVERSION = YES;
				GCC_WARN_ABOUT_RETURN_TYPE = YES_ERROR;
				GCC_WARN_UNDECLARED_SELECTOR = YES;
				GCC_WARN_UNINITIALIZED_AUTOS = YES_AGGRESSIVE;
				GCC_WARN_UNUSED_FUNCTION = YES;
				GCC_WARN_UNUSED_VARIABLE = YES;
				IPHONEOS_DEPLOYMENT_TARGET = 16.4;
				MTL_ENABLE_DEBUG_INFO = NO;
				MTL_FAST_MATH = YES;
				SDKROOT = iphoneos;
				SWIFT_COMPILATION_MODE = wholemodule;
				SWIFT_OPTIMIZATION_LEVEL = "-O";
				VALIDATE_PRODUCT = YES;
			};
			name = Release;
		};
		AF17E4EC2A998B1200E93382 /* Debug */ = {
			isa = XCBuildConfiguration;
			buildSettings = {
				ASSETCATALOG_COMPILER_APPICON_NAME = AppIcon;
				ASSETCATALOG_COMPILER_GLOBAL_ACCENT_COLOR_NAME = AccentColor;
				CODE_SIGN_STYLE = Automatic;
				CURRENT_PROJECT_VERSION = 1;
				DEVELOPMENT_ASSET_PATHS = "\"Presidential Elections/Preview Content\"";
				DEVELOPMENT_TEAM = XL5JK4F896;
				ENABLE_PREVIEWS = YES;
				GENERATE_INFOPLIST_FILE = YES;
				INFOPLIST_KEY_UIApplicationSceneManifest_Generation = YES;
				INFOPLIST_KEY_UIApplicationSupportsIndirectInputEvents = YES;
				INFOPLIST_KEY_UILaunchScreen_Generation = YES;
				INFOPLIST_KEY_UISupportedInterfaceOrientations_iPad = "UIInterfaceOrientationPortrait UIInterfaceOrientationPortraitUpsideDown UIInterfaceOrientationLandscapeLeft UIInterfaceOrientationLandscapeRight";
				INFOPLIST_KEY_UISupportedInterfaceOrientations_iPhone = "UIInterfaceOrientationPortrait UIInterfaceOrientationLandscapeLeft UIInterfaceOrientationLandscapeRight";
				LD_RUNPATH_SEARCH_PATHS = (
					"$(inherited)",
					"@executable_path/Frameworks",
				);
				MARKETING_VERSION = 1.0;
				PRODUCT_BUNDLE_IDENTIFIER = "org.swiftinsg.Presidential-Elections";
				PRODUCT_NAME = "$(TARGET_NAME)";
				SWIFT_EMIT_LOC_STRINGS = YES;
				SWIFT_VERSION = 5.0;
				TARGETED_DEVICE_FAMILY = "1,2";
			};
			name = Debug;
		};
		AF17E4ED2A998B1200E93382 /* Release */ = {
			isa = XCBuildConfiguration;
			buildSettings = {
				ASSETCATALOG_COMPILER_APPICON_NAME = AppIcon;
				ASSETCATALOG_COMPILER_GLOBAL_ACCENT_COLOR_NAME = AccentColor;
				CODE_SIGN_STYLE = Automatic;
				CURRENT_PROJECT_VERSION = 1;
				DEVELOPMENT_ASSET_PATHS = "\"Presidential Elections/Preview Content\"";
				DEVELOPMENT_TEAM = XL5JK4F896;
				ENABLE_PREVIEWS = YES;
				GENERATE_INFOPLIST_FILE = YES;
				INFOPLIST_KEY_UIApplicationSceneManifest_Generation = YES;
				INFOPLIST_KEY_UIApplicationSupportsIndirectInputEvents = YES;
				INFOPLIST_KEY_UILaunchScreen_Generation = YES;
				INFOPLIST_KEY_UISupportedInterfaceOrientations_iPad = "UIInterfaceOrientationPortrait UIInterfaceOrientationPortraitUpsideDown UIInterfaceOrientationLandscapeLeft UIInterfaceOrientationLandscapeRight";
				INFOPLIST_KEY_UISupportedInterfaceOrientations_iPhone = "UIInterfaceOrientationPortrait UIInterfaceOrientationLandscapeLeft UIInterfaceOrientationLandscapeRight";
				LD_RUNPATH_SEARCH_PATHS = (
					"$(inherited)",
					"@executable_path/Frameworks",
				);
				MARKETING_VERSION = 1.0;
				PRODUCT_BUNDLE_IDENTIFIER = "org.swiftinsg.Presidential-Elections";
				PRODUCT_NAME = "$(TARGET_NAME)";
				SWIFT_EMIT_LOC_STRINGS = YES;
				SWIFT_VERSION = 5.0;
				TARGETED_DEVICE_FAMILY = "1,2";
			};
			name = Release;
		};
/* End XCBuildConfiguration section */

/* Begin XCConfigurationList section */
		AF17E4D82A998B1000E93382 /* Build configuration list for PBXProject "Presidential Elections" */ = {
			isa = XCConfigurationList;
			buildConfigurations = (
				AF17E4E92A998B1200E93382 /* Debug */,
				AF17E4EA2A998B1200E93382 /* Release */,
			);
			defaultConfigurationIsVisible = 0;
			defaultConfigurationName = Release;
		};
		AF17E4EB2A998B1200E93382 /* Build configuration list for PBXNativeTarget "Presidential Elections" */ = {
			isa = XCConfigurationList;
			buildConfigurations = (
				AF17E4EC2A998B1200E93382 /* Debug */,
				AF17E4ED2A998B1200E93382 /* Release */,
			);
			defaultConfigurationIsVisible = 0;
			defaultConfigurationName = Release;
		};
/* End XCConfigurationList section */
	};
	rootObject = AF17E4D52A998B1000E93382 /* Project object */;
}
